
Microsoft Visual Studio Solution File, Format Version 12.00
# Visual Studio Version 17
VisualStudioVersion = 17.1.32414.318
MinimumVisualStudioVersion = 10.0.40219.1
Project("{FAE04EC0-301F-11D3-BF4B-00C04F79EFBC}") = "Assignment4", "Assignment4.csproj", "{2F8FA82E-1179-4A84-B8F1-4D22AFAF1FE0}"
EndProject
Global
	GlobalSection(SolutionConfigurationPlatforms) = preSolution
		Debug|Any CPU = Debug|Any CPU
		Release|Any CPU = Release|Any CPU
	EndGlobalSection
	GlobalSection(ProjectConfigurationPlatforms) = postSolution
		{2F8FA82E-1179-4A84-B8F1-4D22AFAF1FE0}.Debug|Any CPU.ActiveCfg = Debug|Any CPU
		{2F8FA82E-1179-4A84-B8F1-4D22AFAF1FE0}.Debug|Any CPU.Build.0 = Debug|Any CPU
		{2F8FA82E-1179-4A84-B8F1-4D22AFAF1FE0}.Release|Any CPU.ActiveCfg = Release|Any CPU
		{2F8FA82E-1179-4A84-B8F1-4D22AFAF1FE0}.Release|Any CPU.Build.0 = Release|Any CPU
	EndGlobalSection
	GlobalSection(SolutionProperties) = preSolution
		HideSolutionNode = FALSE
	EndGlobalSection
	GlobalSection(ExtensibilityGlobals) = postSolution
		SolutionGuid = {14280068-2709-4A70-A8A8-9D532A00C3F2}
	EndGlobalSection
EndGlobal
